
Microsoft Visual Studio Solution File, Format Version 12.00
# Visual Studio Version 16
VisualStudioVersion = 16.0.31729.503
MinimumVisualStudioVersion = 10.0.40219.1
Project("{FAE04EC0-301F-11D3-BF4B-00C04F79EFBC}") = "TabExtension", "TabExtension\TabExtension.csproj", "{40E029C8-7EF8-4B4B-AC34-74393E6907DC}"
EndProject
Global
	GlobalSection(SolutionConfigurationPlatforms) = preSolution
		Debug|Any CPU = Debug|Any CPU
		Release|Any CPU = Release|Any CPU
	EndGlobalSection
	GlobalSection(ProjectConfigurationPlatforms) = postSolution
		{40E029C8-7EF8-4B4B-AC34-74393E6907DC}.Debug|Any CPU.ActiveCfg = Debug|Any CPU
		{40E029C8-7EF8-4B4B-AC34-74393E6907DC}.Debug|Any CPU.Build.0 = Debug|Any CPU
		{40E029C8-7EF8-4B4B-AC34-74393E6907DC}.Release|Any CPU.ActiveCfg = Release|Any CPU
		{40E029C8-7EF8-4B4B-AC34-74393E6907DC}.Release|Any CPU.Build.0 = Release|Any CPU
	EndGlobalSection
	GlobalSection(SolutionProperties) = preSolution
		HideSolutionNode = FALSE
	EndGlobalSection
	GlobalSection(ExtensibilityGlobals) = postSolution
		SolutionGuid = {865114E6-4435-4DE8-A7B9-C93460776DD4}
	EndGlobalSection
EndGlobal
